# This file was autogenerated by Stack.
# You should not edit this file by hand.
# For more information, please see the documentation at:
#   https://docs.haskellstack.org/en/stable/lock_files

packages:
- completed:
    hackage: xmonad-0.17.0@sha256:fc90c8fa647390c68c902912a5a7417f04025dfe72f7de51b248217f7ca0d484,5533
    pantry-tree:
      size: 2485
      sha256: 6fd7c6a64621a088fcbb2e5a66030a78b0832d7341e4c465d3aeb4e668d097a5
  original:
    hackage: xmonad-0.17.0
- completed:
    hackage: xmonad-contrib-0.17.0@sha256:defd04a9ca0e031eb7280b734ccd6d6b73f757babfe4a561a7ff718e75211749,20357
    pantry-tree:
      size: 21783
      sha256: 81a4589ef85fed434a852ba1324466b5ad8f4fd752cd88840aa4ea4348a16cec
  original:
    hackage: xmonad-contrib-0.17.0
- completed:
    hackage: data-default-0.7.1.1@sha256:2804e8d14f521a1edee88b68b66347448e7f3b685868290fdc55930e4471f5a9,645
    pantry-tree:
      size: 212
      sha256: 1db0dcb6890feff1b87ea180a4c4a0611cda399a700822bd75970a2b7ad02dbc
  original:
    hackage: data-default-0.7.1.1
- completed:
    hackage: X11-1.10.2@sha256:5f449203afe0240ca5124dc4b28d906fbde1d56a15c0c95534f677060f8b72ac,3747
    pantry-tree:
      size: 2861
      sha256: b0cd22d02719a0b53da816a292eb599b9a5ab28fd4b71509332e2840e4f75277
  original:
    hackage: X11-1.10.2
snapshots:
- completed:
    size: 586069
    url: https://raw.githubusercontent.com/commercialhaskell/stackage-snapshots/master/lts/18/14.yaml
    sha256: 87842ecbaa8ca9cee59a7e6be52369dbed82ed075cb4e0d152614a627e8fd488
  original: lts-18.14
