# This file was autogenerated by Stack.
# You should not edit this file by hand.
# For more information, please see the documentation at:
#   https://docs.haskellstack.org/en/stable/lock_files

packages:
- completed:
    hackage: xmonad-0.15@sha256:db671d78ecd66f39f23decf60974a3e078525ec9d2be68a3946b0cfb4d3954fa,5255
    pantry-tree:
      size: 2474
      sha256: 0e5b141def9130877fa03c85900df2e2ea00f3513e9c0d39ef3b3ba1f6dc20ad
  original:
    hackage: xmonad-0.15
- completed:
    hackage: xmonad-contrib-0.16@sha256:a47da91613dc8e04c040424ab605acb2e8693bcf76e397f924b39af89b954da1,15927
    pantry-tree:
      size: 19578
      sha256: 934bc533bb08aebb72e51cb0fa5aab9e27e5c6c25a0a1edaa2c76058f8771167
  original:
    hackage: xmonad-contrib-0.16
- completed:
    hackage: data-default-0.7.1.1@sha256:2804e8d14f521a1edee88b68b66347448e7f3b685868290fdc55930e4471f5a9,645
    pantry-tree:
      size: 212
      sha256: 1db0dcb6890feff1b87ea180a4c4a0611cda399a700822bd75970a2b7ad02dbc
  original:
    hackage: data-default-0.7.1.1
- completed:
    hackage: X11-1.9.1@sha256:d20ea83ff2f040675b15a5d9dded1791fdb02bd7a6cb4eda22b65f3c245357b9,3474
    pantry-tree:
      size: 2761
      sha256: 36a3745458d44597f877ff29a4a031b96517cef0f2437d72caec68caf9e87dc5
  original:
    hackage: X11-1.9.1
snapshots:
- completed:
    size: 567037
    url: https://raw.githubusercontent.com/commercialhaskell/stackage-snapshots/master/lts/17/9.yaml
    sha256: d7d8d5106e53d1669964bd8bd2b0f88a5ad192d772f5376384b76738fd992311
  original: lts-17.9
